
Microsoft Visual Studio Solution File, Format Version 12.00
# Visual Studio 14
VisualStudioVersion = 14.0.24720.0
MinimumVisualStudioVersion = 10.0.40219.1
Project("{FAE04EC0-301F-11D3-BF4B-00C04F79EFBC}") = "Xam.Ref.Droid", "Xam.Ref\Xam.Ref.Droid\Xam.Ref.Droid.csproj", "{8F3DAE57-8877-4E3F-839F-F9736895D5C3}"
EndProject
Project("{FAE04EC0-301F-11D3-BF4B-00C04F79EFBC}") = "Xam.Ref.iOS", "Xam.Ref\Xam.Ref.iOS\Xam.Ref.iOS.csproj", "{27F901E5-7C8A-4474-BA4A-B5B187BFF7F5}"
EndProject
Project("{FAE04EC0-301F-11D3-BF4B-00C04F79EFBC}") = "Xam.Ref.UI", "Xam.Ref\Xam.Ref\Xam.Ref.UI.csproj", "{3D6CEFF2-EFB5-4C57-90F4-0374C5D41D77}"
EndProject
Project("{2150E333-8FDC-42A3-9474-1A3956D46DE8}") = ".nuget", ".nuget", "{C7B0F78C-0775-4F9F-88BA-92D8F4901DB8}"
	ProjectSection(SolutionItems) = preProject
		.nuget\NuGet.Config = .nuget\NuGet.Config
		.nuget\NuGet.exe = .nuget\NuGet.exe
		.nuget\NuGet.targets = .nuget\NuGet.targets
	EndProjectSection
EndProject
Project("{FAE04EC0-301F-11D3-BF4B-00C04F79EFBC}") = "Xam.Ref.Dal.SqLite", "Xam.Ref.Dal.SqLite\Xam.Ref.Dal.SqLite.csproj", "{E49CE943-E646-40D4-A72C-3972095636A1}"
EndProject
Project("{FAE04EC0-301F-11D3-BF4B-00C04F79EFBC}") = "Xam.Ref.BL", "Xam.Ref.BL\Xam.Ref.BL.csproj", "{CF1BC927-2F25-4B5F-8CE8-4835ED172AA7}"
EndProject
Project("{FAE04EC0-301F-11D3-BF4B-00C04F79EFBC}") = "Xam.Ref.Infra", "Xam.Ref.Infra\Xam.Ref.Infra.csproj", "{38E83A72-05A8-4E7F-ACD2-DC27D1C4BDBF}"
EndProject
Project("{FAE04EC0-301F-11D3-BF4B-00C04F79EFBC}") = "Xam.Ref.Models", "Xam.Ref.Models\Xam.Ref.Models.csproj", "{C13DFA78-B392-4044-AD42-D1EB8AD2B310}"
EndProject
Project("{FAE04EC0-301F-11D3-BF4B-00C04F79EFBC}") = "Xam.Ref.ViewModel", "Xam.Ref.ViewModel\Xam.Ref.ViewModel.csproj", "{DF7C07B3-E031-49AE-9CA8-D751ED94D5A1}"
EndProject
Project("{2150E333-8FDC-42A3-9474-1A3956D46DE8}") = "Test", "Test", "{A4C22342-EF5E-427E-B26A-0058E6907B39}"
EndProject
Project("{2150E333-8FDC-42A3-9474-1A3956D46DE8}") = "Android", "Android", "{9162A700-E2F3-4535-BE16-52F28EEFCEF9}"
EndProject
Project("{2150E333-8FDC-42A3-9474-1A3956D46DE8}") = "iOS", "iOS", "{1D965CE9-E644-40D5-9B47-BF56069B2F23}"
EndProject
Project("{2150E333-8FDC-42A3-9474-1A3956D46DE8}") = "Windows", "Windows", "{E8584CD2-8BBB-4CE5-AE2D-9CC4FF49C9C4}"
EndProject
Project("{2150E333-8FDC-42A3-9474-1A3956D46DE8}") = "Shared", "Shared", "{19784F96-F1C5-451E-AF44-EC88AF57D4BD}"
EndProject
Project("{FAE04EC0-301F-11D3-BF4B-00C04F79EFBC}") = "Xam.Ref.UnitTest", "Xam.Ref.UnitTest\Xam.Ref.UnitTest.csproj", "{067456C0-086C-46A8-B37F-1405717B7BFC}"
EndProject
Global
	GlobalSection(SolutionConfigurationPlatforms) = preSolution
		Ad-Hoc|Any CPU = Ad-Hoc|Any CPU
		Ad-Hoc|iPhone = Ad-Hoc|iPhone
		Ad-Hoc|iPhoneSimulator = Ad-Hoc|iPhoneSimulator
		Ad-Hoc|Mixed Platforms = Ad-Hoc|Mixed Platforms
		AppStore|Any CPU = AppStore|Any CPU
		AppStore|iPhone = AppStore|iPhone
		AppStore|iPhoneSimulator = AppStore|iPhoneSimulator
		AppStore|Mixed Platforms = AppStore|Mixed Platforms
		Debug|Any CPU = Debug|Any CPU
		Debug|iPhone = Debug|iPhone
		Debug|iPhoneSimulator = Debug|iPhoneSimulator
		Debug|Mixed Platforms = Debug|Mixed Platforms
		Release|Any CPU = Release|Any CPU
		Release|iPhone = Release|iPhone
		Release|iPhoneSimulator = Release|iPhoneSimulator
		Release|Mixed Platforms = Release|Mixed Platforms
	EndGlobalSection
	GlobalSection(ProjectConfigurationPlatforms) = postSolution
		{8F3DAE57-8877-4E3F-839F-F9736895D5C3}.Ad-Hoc|Any CPU.ActiveCfg = Release|Any CPU
		{8F3DAE57-8877-4E3F-839F-F9736895D5C3}.Ad-Hoc|Any CPU.Build.0 = Release|Any CPU
		{8F3DAE57-8877-4E3F-839F-F9736895D5C3}.Ad-Hoc|Any CPU.Deploy.0 = Release|Any CPU
		{8F3DAE57-8877-4E3F-839F-F9736895D5C3}.Ad-Hoc|iPhone.ActiveCfg = Release|Any CPU
		{8F3DAE57-8877-4E3F-839F-F9736895D5C3}.Ad-Hoc|iPhoneSimulator.ActiveCfg = Release|Any CPU
		{8F3DAE57-8877-4E3F-839F-F9736895D5C3}.Ad-Hoc|Mixed Platforms.ActiveCfg = Release|Any CPU
		{8F3DAE57-8877-4E3F-839F-F9736895D5C3}.Ad-Hoc|Mixed Platforms.Build.0 = Release|Any CPU
		{8F3DAE57-8877-4E3F-839F-F9736895D5C3}.Ad-Hoc|Mixed Platforms.Deploy.0 = Release|Any CPU
		{8F3DAE57-8877-4E3F-839F-F9736895D5C3}.AppStore|Any CPU.ActiveCfg = Release|Any CPU
		{8F3DAE57-8877-4E3F-839F-F9736895D5C3}.AppStore|Any CPU.Build.0 = Release|Any CPU
		{8F3DAE57-8877-4E3F-839F-F9736895D5C3}.AppStore|Any CPU.Deploy.0 = Release|Any CPU
		{8F3DAE57-8877-4E3F-839F-F9736895D5C3}.AppStore|iPhone.ActiveCfg = Release|Any CPU
		{8F3DAE57-8877-4E3F-839F-F9736895D5C3}.AppStore|iPhoneSimulator.ActiveCfg = Release|Any CPU
		{8F3DAE57-8877-4E3F-839F-F9736895D5C3}.AppStore|Mixed Platforms.ActiveCfg = Release|Any CPU
		{8F3DAE57-8877-4E3F-839F-F9736895D5C3}.AppStore|Mixed Platforms.Build.0 = Release|Any CPU
		{8F3DAE57-8877-4E3F-839F-F9736895D5C3}.AppStore|Mixed Platforms.Deploy.0 = Release|Any CPU
		{8F3DAE57-8877-4E3F-839F-F9736895D5C3}.Debug|Any CPU.ActiveCfg = Debug|Any CPU
		{8F3DAE57-8877-4E3F-839F-F9736895D5C3}.Debug|Any CPU.Build.0 = Debug|Any CPU
		{8F3DAE57-8877-4E3F-839F-F9736895D5C3}.Debug|Any CPU.Deploy.0 = Debug|Any CPU
		{8F3DAE57-8877-4E3F-839F-F9736895D5C3}.Debug|iPhone.ActiveCfg = Debug|Any CPU
		{8F3DAE57-8877-4E3F-839F-F9736895D5C3}.Debug|iPhoneSimulator.ActiveCfg = Debug|Any CPU
		{8F3DAE57-8877-4E3F-839F-F9736895D5C3}.Debug|Mixed Platforms.ActiveCfg = Debug|Any CPU
		{8F3DAE57-8877-4E3F-839F-F9736895D5C3}.Debug|Mixed Platforms.Build.0 = Debug|Any CPU
		{8F3DAE57-8877-4E3F-839F-F9736895D5C3}.Debug|Mixed Platforms.Deploy.0 = Debug|Any CPU
		{8F3DAE57-8877-4E3F-839F-F9736895D5C3}.Release|Any CPU.ActiveCfg = Release|Any CPU
		{8F3DAE57-8877-4E3F-839F-F9736895D5C3}.Release|Any CPU.Build.0 = Release|Any CPU
		{8F3DAE57-8877-4E3F-839F-F9736895D5C3}.Release|Any CPU.Deploy.0 = Release|Any CPU
		{8F3DAE57-8877-4E3F-839F-F9736895D5C3}.Release|iPhone.ActiveCfg = Release|Any CPU
		{8F3DAE57-8877-4E3F-839F-F9736895D5C3}.Release|iPhoneSimulator.ActiveCfg = Release|Any CPU
		{8F3DAE57-8877-4E3F-839F-F9736895D5C3}.Release|Mixed Platforms.ActiveCfg = Release|Any CPU
		{8F3DAE57-8877-4E3F-839F-F9736895D5C3}.Release|Mixed Platforms.Build.0 = Release|Any CPU
		{8F3DAE57-8877-4E3F-839F-F9736895D5C3}.Release|Mixed Platforms.Deploy.0 = Release|Any CPU
		{27F901E5-7C8A-4474-BA4A-B5B187BFF7F5}.Ad-Hoc|Any CPU.ActiveCfg = Ad-Hoc|iPhone
		{27F901E5-7C8A-4474-BA4A-B5B187BFF7F5}.Ad-Hoc|iPhone.ActiveCfg = Ad-Hoc|iPhone
		{27F901E5-7C8A-4474-BA4A-B5B187BFF7F5}.Ad-Hoc|iPhone.Build.0 = Ad-Hoc|iPhone
		{27F901E5-7C8A-4474-BA4A-B5B187BFF7F5}.Ad-Hoc|iPhoneSimulator.ActiveCfg = Ad-Hoc|iPhoneSimulator
		{27F901E5-7C8A-4474-BA4A-B5B187BFF7F5}.Ad-Hoc|iPhoneSimulator.Build.0 = Ad-Hoc|iPhoneSimulator
		{27F901E5-7C8A-4474-BA4A-B5B187BFF7F5}.Ad-Hoc|Mixed Platforms.ActiveCfg = Ad-Hoc|iPhone
		{27F901E5-7C8A-4474-BA4A-B5B187BFF7F5}.Ad-Hoc|Mixed Platforms.Build.0 = Ad-Hoc|iPhone
		{27F901E5-7C8A-4474-BA4A-B5B187BFF7F5}.AppStore|Any CPU.ActiveCfg = AppStore|iPhone
		{27F901E5-7C8A-4474-BA4A-B5B187BFF7F5}.AppStore|iPhone.ActiveCfg = AppStore|iPhone
		{27F901E5-7C8A-4474-BA4A-B5B187BFF7F5}.AppStore|iPhone.Build.0 = AppStore|iPhone
		{27F901E5-7C8A-4474-BA4A-B5B187BFF7F5}.AppStore|iPhoneSimulator.ActiveCfg = AppStore|iPhoneSimulator
		{27F901E5-7C8A-4474-BA4A-B5B187BFF7F5}.AppStore|iPhoneSimulator.Build.0 = AppStore|iPhoneSimulator
		{27F901E5-7C8A-4474-BA4A-B5B187BFF7F5}.AppStore|Mixed Platforms.ActiveCfg = AppStore|iPhone
		{27F901E5-7C8A-4474-BA4A-B5B187BFF7F5}.AppStore|Mixed Platforms.Build.0 = AppStore|iPhone
		{27F901E5-7C8A-4474-BA4A-B5B187BFF7F5}.Debug|Any CPU.ActiveCfg = Debug|iPhone
		{27F901E5-7C8A-4474-BA4A-B5B187BFF7F5}.Debug|iPhone.ActiveCfg = Debug|iPhone
		{27F901E5-7C8A-4474-BA4A-B5B187BFF7F5}.Debug|iPhone.Build.0 = Debug|iPhone
		{27F901E5-7C8A-4474-BA4A-B5B187BFF7F5}.Debug|iPhoneSimulator.ActiveCfg = Debug|iPhoneSimulator
		{27F901E5-7C8A-4474-BA4A-B5B187BFF7F5}.Debug|iPhoneSimulator.Build.0 = Debug|iPhoneSimulator
		{27F901E5-7C8A-4474-BA4A-B5B187BFF7F5}.Debug|Mixed Platforms.ActiveCfg = Debug|iPhone
		{27F901E5-7C8A-4474-BA4A-B5B187BFF7F5}.Debug|Mixed Platforms.Build.0 = Debug|iPhone
		{27F901E5-7C8A-4474-BA4A-B5B187BFF7F5}.Release|Any CPU.ActiveCfg = Release|iPhone
		{27F901E5-7C8A-4474-BA4A-B5B187BFF7F5}.Release|iPhone.ActiveCfg = Release|iPhone
		{27F901E5-7C8A-4474-BA4A-B5B187BFF7F5}.Release|iPhone.Build.0 = Release|iPhone
		{27F901E5-7C8A-4474-BA4A-B5B187BFF7F5}.Release|iPhoneSimulator.ActiveCfg = Release|iPhoneSimulator
		{27F901E5-7C8A-4474-BA4A-B5B187BFF7F5}.Release|iPhoneSimulator.Build.0 = Release|iPhoneSimulator
		{27F901E5-7C8A-4474-BA4A-B5B187BFF7F5}.Release|Mixed Platforms.ActiveCfg = Release|iPhone
		{27F901E5-7C8A-4474-BA4A-B5B187BFF7F5}.Release|Mixed Platforms.Build.0 = Release|iPhone
		{3D6CEFF2-EFB5-4C57-90F4-0374C5D41D77}.Ad-Hoc|Any CPU.ActiveCfg = Release|Any CPU
		{3D6CEFF2-EFB5-4C57-90F4-0374C5D41D77}.Ad-Hoc|Any CPU.Build.0 = Release|Any CPU
		{3D6CEFF2-EFB5-4C57-90F4-0374C5D41D77}.Ad-Hoc|iPhone.ActiveCfg = Release|Any CPU
		{3D6CEFF2-EFB5-4C57-90F4-0374C5D41D77}.Ad-Hoc|iPhone.Build.0 = Release|Any CPU
		{3D6CEFF2-EFB5-4C57-90F4-0374C5D41D77}.Ad-Hoc|iPhoneSimulator.ActiveCfg = Release|Any CPU
		{3D6CEFF2-EFB5-4C57-90F4-0374C5D41D77}.Ad-Hoc|iPhoneSimulator.Build.0 = Release|Any CPU
		{3D6CEFF2-EFB5-4C57-90F4-0374C5D41D77}.Ad-Hoc|Mixed Platforms.ActiveCfg = Release|Any CPU
		{3D6CEFF2-EFB5-4C57-90F4-0374C5D41D77}.Ad-Hoc|Mixed Platforms.Build.0 = Release|Any CPU
		{3D6CEFF2-EFB5-4C57-90F4-0374C5D41D77}.AppStore|Any CPU.ActiveCfg = Release|Any CPU
		{3D6CEFF2-EFB5-4C57-90F4-0374C5D41D77}.AppStore|Any CPU.Build.0 = Release|Any CPU
		{3D6CEFF2-EFB5-4C57-90F4-0374C5D41D77}.AppStore|iPhone.ActiveCfg = Release|Any CPU
		{3D6CEFF2-EFB5-4C57-90F4-0374C5D41D77}.AppStore|iPhone.Build.0 = Release|Any CPU
		{3D6CEFF2-EFB5-4C57-90F4-0374C5D41D77}.AppStore|iPhoneSimulator.ActiveCfg = Release|Any CPU
		{3D6CEFF2-EFB5-4C57-90F4-0374C5D41D77}.AppStore|iPhoneSimulator.Build.0 = Release|Any CPU
		{3D6CEFF2-EFB5-4C57-90F4-0374C5D41D77}.AppStore|Mixed Platforms.ActiveCfg = Release|Any CPU
		{3D6CEFF2-EFB5-4C57-90F4-0374C5D41D77}.AppStore|Mixed Platforms.Build.0 = Release|Any CPU
		{3D6CEFF2-EFB5-4C57-90F4-0374C5D41D77}.Debug|Any CPU.ActiveCfg = Debug|Any CPU
		{3D6CEFF2-EFB5-4C57-90F4-0374C5D41D77}.Debug|Any CPU.Build.0 = Debug|Any CPU
		{3D6CEFF2-EFB5-4C57-90F4-0374C5D41D77}.Debug|iPhone.ActiveCfg = Debug|Any CPU
		{3D6CEFF2-EFB5-4C57-90F4-0374C5D41D77}.Debug|iPhone.Build.0 = Debug|Any CPU
		{3D6CEFF2-EFB5-4C57-90F4-0374C5D41D77}.Debug|iPhoneSimulator.ActiveCfg = Debug|Any CPU
		{3D6CEFF2-EFB5-4C57-90F4-0374C5D41D77}.Debug|iPhoneSimulator.Build.0 = Debug|Any CPU
		{3D6CEFF2-EFB5-4C57-90F4-0374C5D41D77}.Debug|Mixed Platforms.ActiveCfg = Debug|Any CPU
		{3D6CEFF2-EFB5-4C57-90F4-0374C5D41D77}.Debug|Mixed Platforms.Build.0 = Debug|Any CPU
		{3D6CEFF2-EFB5-4C57-90F4-0374C5D41D77}.Release|Any CPU.ActiveCfg = Release|Any CPU
		{3D6CEFF2-EFB5-4C57-90F4-0374C5D41D77}.Release|Any CPU.Build.0 = Release|Any CPU
		{3D6CEFF2-EFB5-4C57-90F4-0374C5D41D77}.Release|iPhone.ActiveCfg = Release|Any CPU
		{3D6CEFF2-EFB5-4C57-90F4-0374C5D41D77}.Release|iPhone.Build.0 = Release|Any CPU
		{3D6CEFF2-EFB5-4C57-90F4-0374C5D41D77}.Release|iPhoneSimulator.ActiveCfg = Release|Any CPU
		{3D6CEFF2-EFB5-4C57-90F4-0374C5D41D77}.Release|iPhoneSimulator.Build.0 = Release|Any CPU
		{3D6CEFF2-EFB5-4C57-90F4-0374C5D41D77}.Release|Mixed Platforms.ActiveCfg = Release|Any CPU
		{3D6CEFF2-EFB5-4C57-90F4-0374C5D41D77}.Release|Mixed Platforms.Build.0 = Release|Any CPU
		{E49CE943-E646-40D4-A72C-3972095636A1}.Ad-Hoc|Any CPU.ActiveCfg = Release|Any CPU
		{E49CE943-E646-40D4-A72C-3972095636A1}.Ad-Hoc|Any CPU.Build.0 = Release|Any CPU
		{E49CE943-E646-40D4-A72C-3972095636A1}.Ad-Hoc|iPhone.ActiveCfg = Release|Any CPU
		{E49CE943-E646-40D4-A72C-3972095636A1}.Ad-Hoc|iPhoneSimulator.ActiveCfg = Release|Any CPU
		{E49CE943-E646-40D4-A72C-3972095636A1}.Ad-Hoc|Mixed Platforms.ActiveCfg = Release|Any CPU
		{E49CE943-E646-40D4-A72C-3972095636A1}.Ad-Hoc|Mixed Platforms.Build.0 = Release|Any CPU
		{E49CE943-E646-40D4-A72C-3972095636A1}.AppStore|Any CPU.ActiveCfg = Release|Any CPU
		{E49CE943-E646-40D4-A72C-3972095636A1}.AppStore|Any CPU.Build.0 = Release|Any CPU
		{E49CE943-E646-40D4-A72C-3972095636A1}.AppStore|iPhone.ActiveCfg = Release|Any CPU
		{E49CE943-E646-40D4-A72C-3972095636A1}.AppStore|iPhoneSimulator.ActiveCfg = Release|Any CPU
		{E49CE943-E646-40D4-A72C-3972095636A1}.AppStore|Mixed Platforms.ActiveCfg = Release|Any CPU
		{E49CE943-E646-40D4-A72C-3972095636A1}.AppStore|Mixed Platforms.Build.0 = Release|Any CPU
		{E49CE943-E646-40D4-A72C-3972095636A1}.Debug|Any CPU.ActiveCfg = Debug|Any CPU
		{E49CE943-E646-40D4-A72C-3972095636A1}.Debug|Any CPU.Build.0 = Debug|Any CPU
		{E49CE943-E646-40D4-A72C-3972095636A1}.Debug|iPhone.ActiveCfg = Debug|Any CPU
		{E49CE943-E646-40D4-A72C-3972095636A1}.Debug|iPhoneSimulator.ActiveCfg = Debug|Any CPU
		{E49CE943-E646-40D4-A72C-3972095636A1}.Debug|Mixed Platforms.ActiveCfg = Debug|Any CPU
		{E49CE943-E646-40D4-A72C-3972095636A1}.Debug|Mixed Platforms.Build.0 = Debug|Any CPU
		{E49CE943-E646-40D4-A72C-3972095636A1}.Release|Any CPU.ActiveCfg = Release|Any CPU
		{E49CE943-E646-40D4-A72C-3972095636A1}.Release|Any CPU.Build.0 = Release|Any CPU
		{E49CE943-E646-40D4-A72C-3972095636A1}.Release|iPhone.ActiveCfg = Release|Any CPU
		{E49CE943-E646-40D4-A72C-3972095636A1}.Release|iPhoneSimulator.ActiveCfg = Release|Any CPU
		{E49CE943-E646-40D4-A72C-3972095636A1}.Release|Mixed Platforms.ActiveCfg = Release|Any CPU
		{E49CE943-E646-40D4-A72C-3972095636A1}.Release|Mixed Platforms.Build.0 = Release|Any CPU
		{CF1BC927-2F25-4B5F-8CE8-4835ED172AA7}.Ad-Hoc|Any CPU.ActiveCfg = Release|Any CPU
		{CF1BC927-2F25-4B5F-8CE8-4835ED172AA7}.Ad-Hoc|Any CPU.Build.0 = Release|Any CPU
		{CF1BC927-2F25-4B5F-8CE8-4835ED172AA7}.Ad-Hoc|iPhone.ActiveCfg = Release|Any CPU
		{CF1BC927-2F25-4B5F-8CE8-4835ED172AA7}.Ad-Hoc|iPhoneSimulator.ActiveCfg = Release|Any CPU
		{CF1BC927-2F25-4B5F-8CE8-4835ED172AA7}.Ad-Hoc|Mixed Platforms.ActiveCfg = Release|Any CPU
		{CF1BC927-2F25-4B5F-8CE8-4835ED172AA7}.Ad-Hoc|Mixed Platforms.Build.0 = Release|Any CPU
		{CF1BC927-2F25-4B5F-8CE8-4835ED172AA7}.AppStore|Any CPU.ActiveCfg = Release|Any CPU
		{CF1BC927-2F25-4B5F-8CE8-4835ED172AA7}.AppStore|Any CPU.Build.0 = Release|Any CPU
		{CF1BC927-2F25-4B5F-8CE8-4835ED172AA7}.AppStore|iPhone.ActiveCfg = Release|Any CPU
		{CF1BC927-2F25-4B5F-8CE8-4835ED172AA7}.AppStore|iPhoneSimulator.ActiveCfg = Release|Any CPU
		{CF1BC927-2F25-4B5F-8CE8-4835ED172AA7}.AppStore|Mixed Platforms.ActiveCfg = Release|Any CPU
		{CF1BC927-2F25-4B5F-8CE8-4835ED172AA7}.AppStore|Mixed Platforms.Build.0 = Release|Any CPU
		{CF1BC927-2F25-4B5F-8CE8-4835ED172AA7}.Debug|Any CPU.ActiveCfg = Debug|Any CPU
		{CF1BC927-2F25-4B5F-8CE8-4835ED172AA7}.Debug|Any CPU.Build.0 = Debug|Any CPU
		{CF1BC927-2F25-4B5F-8CE8-4835ED172AA7}.Debug|iPhone.ActiveCfg = Debug|Any CPU
		{CF1BC927-2F25-4B5F-8CE8-4835ED172AA7}.Debug|iPhoneSimulator.ActiveCfg = Debug|Any CPU
		{CF1BC927-2F25-4B5F-8CE8-4835ED172AA7}.Debug|Mixed Platforms.ActiveCfg = Debug|Any CPU
		{CF1BC927-2F25-4B5F-8CE8-4835ED172AA7}.Debug|Mixed Platforms.Build.0 = Debug|Any CPU
		{CF1BC927-2F25-4B5F-8CE8-4835ED172AA7}.Release|Any CPU.ActiveCfg = Release|Any CPU
		{CF1BC927-2F25-4B5F-8CE8-4835ED172AA7}.Release|Any CPU.Build.0 = Release|Any CPU
		{CF1BC927-2F25-4B5F-8CE8-4835ED172AA7}.Release|iPhone.ActiveCfg = Release|Any CPU
		{CF1BC927-2F25-4B5F-8CE8-4835ED172AA7}.Release|iPhoneSimulator.ActiveCfg = Release|Any CPU
		{CF1BC927-2F25-4B5F-8CE8-4835ED172AA7}.Release|Mixed Platforms.ActiveCfg = Release|Any CPU
		{CF1BC927-2F25-4B5F-8CE8-4835ED172AA7}.Release|Mixed Platforms.Build.0 = Release|Any CPU
		{38E83A72-05A8-4E7F-ACD2-DC27D1C4BDBF}.Ad-Hoc|Any CPU.ActiveCfg = Release|Any CPU
		{38E83A72-05A8-4E7F-ACD2-DC27D1C4BDBF}.Ad-Hoc|Any CPU.Build.0 = Release|Any CPU
		{38E83A72-05A8-4E7F-ACD2-DC27D1C4BDBF}.Ad-Hoc|iPhone.ActiveCfg = Release|Any CPU
		{38E83A72-05A8-4E7F-ACD2-DC27D1C4BDBF}.Ad-Hoc|iPhoneSimulator.ActiveCfg = Release|Any CPU
		{38E83A72-05A8-4E7F-ACD2-DC27D1C4BDBF}.Ad-Hoc|Mixed Platforms.ActiveCfg = Release|Any CPU
		{38E83A72-05A8-4E7F-ACD2-DC27D1C4BDBF}.Ad-Hoc|Mixed Platforms.Build.0 = Release|Any CPU
		{38E83A72-05A8-4E7F-ACD2-DC27D1C4BDBF}.AppStore|Any CPU.ActiveCfg = Release|Any CPU
		{38E83A72-05A8-4E7F-ACD2-DC27D1C4BDBF}.AppStore|Any CPU.Build.0 = Release|Any CPU
		{38E83A72-05A8-4E7F-ACD2-DC27D1C4BDBF}.AppStore|iPhone.ActiveCfg = Release|Any CPU
		{38E83A72-05A8-4E7F-ACD2-DC27D1C4BDBF}.AppStore|iPhoneSimulator.ActiveCfg = Release|Any CPU
		{38E83A72-05A8-4E7F-ACD2-DC27D1C4BDBF}.AppStore|Mixed Platforms.ActiveCfg = Release|Any CPU
		{38E83A72-05A8-4E7F-ACD2-DC27D1C4BDBF}.AppStore|Mixed Platforms.Build.0 = Release|Any CPU
		{38E83A72-05A8-4E7F-ACD2-DC27D1C4BDBF}.Debug|Any CPU.ActiveCfg = Debug|Any CPU
		{38E83A72-05A8-4E7F-ACD2-DC27D1C4BDBF}.Debug|Any CPU.Build.0 = Debug|Any CPU
		{38E83A72-05A8-4E7F-ACD2-DC27D1C4BDBF}.Debug|iPhone.ActiveCfg = Debug|Any CPU
		{38E83A72-05A8-4E7F-ACD2-DC27D1C4BDBF}.Debug|iPhoneSimulator.ActiveCfg = Debug|Any CPU
		{38E83A72-05A8-4E7F-ACD2-DC27D1C4BDBF}.Debug|Mixed Platforms.ActiveCfg = Debug|Any CPU
		{38E83A72-05A8-4E7F-ACD2-DC27D1C4BDBF}.Debug|Mixed Platforms.Build.0 = Debug|Any CPU
		{38E83A72-05A8-4E7F-ACD2-DC27D1C4BDBF}.Release|Any CPU.ActiveCfg = Release|Any CPU
		{38E83A72-05A8-4E7F-ACD2-DC27D1C4BDBF}.Release|Any CPU.Build.0 = Release|Any CPU
		{38E83A72-05A8-4E7F-ACD2-DC27D1C4BDBF}.Release|iPhone.ActiveCfg = Release|Any CPU
		{38E83A72-05A8-4E7F-ACD2-DC27D1C4BDBF}.Release|iPhoneSimulator.ActiveCfg = Release|Any CPU
		{38E83A72-05A8-4E7F-ACD2-DC27D1C4BDBF}.Release|Mixed Platforms.ActiveCfg = Release|Any CPU
		{38E83A72-05A8-4E7F-ACD2-DC27D1C4BDBF}.Release|Mixed Platforms.Build.0 = Release|Any CPU
		{C13DFA78-B392-4044-AD42-D1EB8AD2B310}.Ad-Hoc|Any CPU.ActiveCfg = Release|Any CPU
		{C13DFA78-B392-4044-AD42-D1EB8AD2B310}.Ad-Hoc|Any CPU.Build.0 = Release|Any CPU
		{C13DFA78-B392-4044-AD42-D1EB8AD2B310}.Ad-Hoc|iPhone.ActiveCfg = Release|Any CPU
		{C13DFA78-B392-4044-AD42-D1EB8AD2B310}.Ad-Hoc|iPhoneSimulator.ActiveCfg = Release|Any CPU
		{C13DFA78-B392-4044-AD42-D1EB8AD2B310}.Ad-Hoc|Mixed Platforms.ActiveCfg = Release|Any CPU
		{C13DFA78-B392-4044-AD42-D1EB8AD2B310}.Ad-Hoc|Mixed Platforms.Build.0 = Release|Any CPU
		{C13DFA78-B392-4044-AD42-D1EB8AD2B310}.AppStore|Any CPU.ActiveCfg = Release|Any CPU
		{C13DFA78-B392-4044-AD42-D1EB8AD2B310}.AppStore|Any CPU.Build.0 = Release|Any CPU
		{C13DFA78-B392-4044-AD42-D1EB8AD2B310}.AppStore|iPhone.ActiveCfg = Release|Any CPU
		{C13DFA78-B392-4044-AD42-D1EB8AD2B310}.AppStore|iPhoneSimulator.ActiveCfg = Release|Any CPU
		{C13DFA78-B392-4044-AD42-D1EB8AD2B310}.AppStore|Mixed Platforms.ActiveCfg = Release|Any CPU
		{C13DFA78-B392-4044-AD42-D1EB8AD2B310}.AppStore|Mixed Platforms.Build.0 = Release|Any CPU
		{C13DFA78-B392-4044-AD42-D1EB8AD2B310}.Debug|Any CPU.ActiveCfg = Debug|Any CPU
		{C13DFA78-B392-4044-AD42-D1EB8AD2B310}.Debug|Any CPU.Build.0 = Debug|Any CPU
		{C13DFA78-B392-4044-AD42-D1EB8AD2B310}.Debug|iPhone.ActiveCfg = Debug|Any CPU
		{C13DFA78-B392-4044-AD42-D1EB8AD2B310}.Debug|iPhoneSimulator.ActiveCfg = Debug|Any CPU
		{C13DFA78-B392-4044-AD42-D1EB8AD2B310}.Debug|Mixed Platforms.ActiveCfg = Debug|Any CPU
		{C13DFA78-B392-4044-AD42-D1EB8AD2B310}.Debug|Mixed Platforms.Build.0 = Debug|Any CPU
		{C13DFA78-B392-4044-AD42-D1EB8AD2B310}.Release|Any CPU.ActiveCfg = Release|Any CPU
		{C13DFA78-B392-4044-AD42-D1EB8AD2B310}.Release|Any CPU.Build.0 = Release|Any CPU
		{C13DFA78-B392-4044-AD42-D1EB8AD2B310}.Release|iPhone.ActiveCfg = Release|Any CPU
		{C13DFA78-B392-4044-AD42-D1EB8AD2B310}.Release|iPhoneSimulator.ActiveCfg = Release|Any CPU
		{C13DFA78-B392-4044-AD42-D1EB8AD2B310}.Release|Mixed Platforms.ActiveCfg = Release|Any CPU
		{C13DFA78-B392-4044-AD42-D1EB8AD2B310}.Release|Mixed Platforms.Build.0 = Release|Any CPU
		{DF7C07B3-E031-49AE-9CA8-D751ED94D5A1}.Ad-Hoc|Any CPU.ActiveCfg = Release|Any CPU
		{DF7C07B3-E031-49AE-9CA8-D751ED94D5A1}.Ad-Hoc|Any CPU.Build.0 = Release|Any CPU
		{DF7C07B3-E031-49AE-9CA8-D751ED94D5A1}.Ad-Hoc|iPhone.ActiveCfg = Release|Any CPU
		{DF7C07B3-E031-49AE-9CA8-D751ED94D5A1}.Ad-Hoc|iPhoneSimulator.ActiveCfg = Release|Any CPU
		{DF7C07B3-E031-49AE-9CA8-D751ED94D5A1}.Ad-Hoc|Mixed Platforms.ActiveCfg = Release|Any CPU
		{DF7C07B3-E031-49AE-9CA8-D751ED94D5A1}.Ad-Hoc|Mixed Platforms.Build.0 = Release|Any CPU
		{DF7C07B3-E031-49AE-9CA8-D751ED94D5A1}.AppStore|Any CPU.ActiveCfg = Release|Any CPU
		{DF7C07B3-E031-49AE-9CA8-D751ED94D5A1}.AppStore|Any CPU.Build.0 = Release|Any CPU
		{DF7C07B3-E031-49AE-9CA8-D751ED94D5A1}.AppStore|iPhone.ActiveCfg = Release|Any CPU
		{DF7C07B3-E031-49AE-9CA8-D751ED94D5A1}.AppStore|iPhoneSimulator.ActiveCfg = Release|Any CPU
		{DF7C07B3-E031-49AE-9CA8-D751ED94D5A1}.AppStore|Mixed Platforms.ActiveCfg = Release|Any CPU
		{DF7C07B3-E031-49AE-9CA8-D751ED94D5A1}.AppStore|Mixed Platforms.Build.0 = Release|Any CPU
		{DF7C07B3-E031-49AE-9CA8-D751ED94D5A1}.Debug|Any CPU.ActiveCfg = Debug|Any CPU
		{DF7C07B3-E031-49AE-9CA8-D751ED94D5A1}.Debug|Any CPU.Build.0 = Debug|Any CPU
		{DF7C07B3-E031-49AE-9CA8-D751ED94D5A1}.Debug|iPhone.ActiveCfg = Debug|Any CPU
		{DF7C07B3-E031-49AE-9CA8-D751ED94D5A1}.Debug|iPhoneSimulator.ActiveCfg = Debug|Any CPU
		{DF7C07B3-E031-49AE-9CA8-D751ED94D5A1}.Debug|Mixed Platforms.ActiveCfg = Debug|Any CPU
		{DF7C07B3-E031-49AE-9CA8-D751ED94D5A1}.Debug|Mixed Platforms.Build.0 = Debug|Any CPU
		{DF7C07B3-E031-49AE-9CA8-D751ED94D5A1}.Release|Any CPU.ActiveCfg = Release|Any CPU
		{DF7C07B3-E031-49AE-9CA8-D751ED94D5A1}.Release|Any CPU.Build.0 = Release|Any CPU
		{DF7C07B3-E031-49AE-9CA8-D751ED94D5A1}.Release|iPhone.ActiveCfg = Release|Any CPU
		{DF7C07B3-E031-49AE-9CA8-D751ED94D5A1}.Release|iPhoneSimulator.ActiveCfg = Release|Any CPU
		{DF7C07B3-E031-49AE-9CA8-D751ED94D5A1}.Release|Mixed Platforms.ActiveCfg = Release|Any CPU
		{DF7C07B3-E031-49AE-9CA8-D751ED94D5A1}.Release|Mixed Platforms.Build.0 = Release|Any CPU
		{067456C0-086C-46A8-B37F-1405717B7BFC}.Ad-Hoc|Any CPU.ActiveCfg = Release|Any CPU
		{067456C0-086C-46A8-B37F-1405717B7BFC}.Ad-Hoc|Any CPU.Build.0 = Release|Any CPU
		{067456C0-086C-46A8-B37F-1405717B7BFC}.Ad-Hoc|iPhone.ActiveCfg = Release|Any CPU
		{067456C0-086C-46A8-B37F-1405717B7BFC}.Ad-Hoc|iPhone.Build.0 = Release|Any CPU
		{067456C0-086C-46A8-B37F-1405717B7BFC}.Ad-Hoc|iPhoneSimulator.ActiveCfg = Release|Any CPU
		{067456C0-086C-46A8-B37F-1405717B7BFC}.Ad-Hoc|iPhoneSimulator.Build.0 = Release|Any CPU
		{067456C0-086C-46A8-B37F-1405717B7BFC}.Ad-Hoc|Mixed Platforms.ActiveCfg = Release|Any CPU
		{067456C0-086C-46A8-B37F-1405717B7BFC}.Ad-Hoc|Mixed Platforms.Build.0 = Release|Any CPU
		{067456C0-086C-46A8-B37F-1405717B7BFC}.AppStore|Any CPU.ActiveCfg = Release|Any CPU
		{067456C0-086C-46A8-B37F-1405717B7BFC}.AppStore|Any CPU.Build.0 = Release|Any CPU
		{067456C0-086C-46A8-B37F-1405717B7BFC}.AppStore|iPhone.ActiveCfg = Release|Any CPU
		{067456C0-086C-46A8-B37F-1405717B7BFC}.AppStore|iPhone.Build.0 = Release|Any CPU
		{067456C0-086C-46A8-B37F-1405717B7BFC}.AppStore|iPhoneSimulator.ActiveCfg = Release|Any CPU
		{067456C0-086C-46A8-B37F-1405717B7BFC}.AppStore|iPhoneSimulator.Build.0 = Release|Any CPU
		{067456C0-086C-46A8-B37F-1405717B7BFC}.AppStore|Mixed Platforms.ActiveCfg = Release|Any CPU
		{067456C0-086C-46A8-B37F-1405717B7BFC}.AppStore|Mixed Platforms.Build.0 = Release|Any CPU
		{067456C0-086C-46A8-B37F-1405717B7BFC}.Debug|Any CPU.ActiveCfg = Debug|Any CPU
		{067456C0-086C-46A8-B37F-1405717B7BFC}.Debug|Any CPU.Build.0 = Debug|Any CPU
		{067456C0-086C-46A8-B37F-1405717B7BFC}.Debug|iPhone.ActiveCfg = Debug|Any CPU
		{067456C0-086C-46A8-B37F-1405717B7BFC}.Debug|iPhone.Build.0 = Debug|Any CPU
		{067456C0-086C-46A8-B37F-1405717B7BFC}.Debug|iPhoneSimulator.ActiveCfg = Debug|Any CPU
		{067456C0-086C-46A8-B37F-1405717B7BFC}.Debug|iPhoneSimulator.Build.0 = Debug|Any CPU
		{067456C0-086C-46A8-B37F-1405717B7BFC}.Debug|Mixed Platforms.ActiveCfg = Debug|Any CPU
		{067456C0-086C-46A8-B37F-1405717B7BFC}.Debug|Mixed Platforms.Build.0 = Debug|Any CPU
		{067456C0-086C-46A8-B37F-1405717B7BFC}.Release|Any CPU.ActiveCfg = Release|Any CPU
		{067456C0-086C-46A8-B37F-1405717B7BFC}.Release|Any CPU.Build.0 = Release|Any CPU
		{067456C0-086C-46A8-B37F-1405717B7BFC}.Release|iPhone.ActiveCfg = Release|Any CPU
		{067456C0-086C-46A8-B37F-1405717B7BFC}.Release|iPhone.Build.0 = Release|Any CPU
		{067456C0-086C-46A8-B37F-1405717B7BFC}.Release|iPhoneSimulator.ActiveCfg = Release|Any CPU
		{067456C0-086C-46A8-B37F-1405717B7BFC}.Release|iPhoneSimulator.Build.0 = Release|Any CPU
		{067456C0-086C-46A8-B37F-1405717B7BFC}.Release|Mixed Platforms.ActiveCfg = Release|Any CPU
		{067456C0-086C-46A8-B37F-1405717B7BFC}.Release|Mixed Platforms.Build.0 = Release|Any CPU
	EndGlobalSection
	GlobalSection(SolutionProperties) = preSolution
		HideSolutionNode = FALSE
	EndGlobalSection
	GlobalSection(NestedProjects) = preSolution
		{8F3DAE57-8877-4E3F-839F-F9736895D5C3} = {9162A700-E2F3-4535-BE16-52F28EEFCEF9}
		{27F901E5-7C8A-4474-BA4A-B5B187BFF7F5} = {1D965CE9-E644-40D5-9B47-BF56069B2F23}
		{3D6CEFF2-EFB5-4C57-90F4-0374C5D41D77} = {19784F96-F1C5-451E-AF44-EC88AF57D4BD}
		{E49CE943-E646-40D4-A72C-3972095636A1} = {19784F96-F1C5-451E-AF44-EC88AF57D4BD}
		{CF1BC927-2F25-4B5F-8CE8-4835ED172AA7} = {19784F96-F1C5-451E-AF44-EC88AF57D4BD}
		{38E83A72-05A8-4E7F-ACD2-DC27D1C4BDBF} = {19784F96-F1C5-451E-AF44-EC88AF57D4BD}
		{C13DFA78-B392-4044-AD42-D1EB8AD2B310} = {19784F96-F1C5-451E-AF44-EC88AF57D4BD}
		{DF7C07B3-E031-49AE-9CA8-D751ED94D5A1} = {19784F96-F1C5-451E-AF44-EC88AF57D4BD}
		{067456C0-086C-46A8-B37F-1405717B7BFC} = {A4C22342-EF5E-427E-B26A-0058E6907B39}
	EndGlobalSection
EndGlobal
